// !$*UTF8*$!
{
	archiveVersion = 1;
	classes = {
	};
	objectVersion = 46;
	objects = {

/* Begin PBXBuildFile section */
		340173591DAC87490099C030 /* ZYBImageHelper.m in Sources */ = {isa = PBXBuildFile; fileRef = 340173581DAC87490099C030 /* ZYBImageHelper.m */; settings = {COMPILER_FLAGS = "-Wno-deprecated-declarations"; }; };
		349F463D1D9232D500065DDF /* TestALAssetsLibraryTests.m in Sources */ = {isa = PBXBuildFile; fileRef = 349F463C1D9232D500065DDF /* TestALAssetsLibraryTests.m */; };
		349F46FB1D92A3DD00065DDF /* test.png in Resources */ = {isa = PBXBuildFile; fileRef = 349F46FA1D92A3DD00065DDF /* test.png */; };
		34A4C8701DAB267A00714428 /* DIYImageViewController.m in Sources */ = {isa = PBXBuildFile; fileRef = 34A4C86E1DAB267A00714428 /* DIYImageViewController.m */; };
		34A4C8711DAB267A00714428 /* DIYImageViewController.xib in Resources */ = {isa = PBXBuildFile; fileRef = 34A4C86F1DAB267A00714428 /* DIYImageViewController.xib */; };
		34A4C8731DAB2BFA00714428 /* empty_img@2x.png in Resources */ = {isa = PBXBuildFile; fileRef = 34A4C8721DAB2BFA00714428 /* empty_img@2x.png */; };
		34A4C8761DAB2C6E00714428 /* qun_delete.png in Resources */ = {isa = PBXBuildFile; fileRef = 34A4C8741DAB2C6E00714428 /* qun_delete.png */; };
		34A4C8771DAB2C6E00714428 /* qun_add.png in Resources */ = {isa = PBXBuildFile; fileRef = 34A4C8751DAB2C6E00714428 /* qun_add.png */; };
		34A4C87A1DAB2D4700714428 /* 麦克雷帽.png in Resources */ = {isa = PBXBuildFile; fileRef = 34A4C8781DAB2D4700714428 /* 麦克雷帽.png */; };
		34A4C87B1DAB2D4700714428 /* 麦克雷烟.png in Resources */ = {isa = PBXBuildFile; fileRef = 34A4C8791DAB2D4700714428 /* 麦克雷烟.png */; };
		34A4C87F1DAB2FEB00714428 /* 图片.png in Resources */ = {isa = PBXBuildFile; fileRef = 34A4C87E1DAB2FEB00714428 /* 图片.png */; };
		34A4C8811DAB422C00714428 /* diy_scale@2x.png in Resources */ = {isa = PBXBuildFile; fileRef = 34A4C8801DAB422C00714428 /* diy_scale@2x.png */; };
		34ABBFED1D991ECF00B3CCA6 /* VideoDetailViewController.m in Sources */ = {isa = PBXBuildFile; fileRef = 34ABBFE81D991ECF00B3CCA6 /* VideoDetailViewController.m */; settings = {COMPILER_FLAGS = "-Wno-deprecated-declarations"; }; };
		34ABBFEE1D991ECF00B3CCA6 /* VideoDetailViewController.xib in Resources */ = {isa = PBXBuildFile; fileRef = 34ABBFE91D991ECF00B3CCA6 /* VideoDetailViewController.xib */; };
		34ABBFEF1D991ECF00B3CCA6 /* VideoPickerViewController.m in Sources */ = {isa = PBXBuildFile; fileRef = 34ABBFEB1D991ECF00B3CCA6 /* VideoPickerViewController.m */; settings = {COMPILER_FLAGS = "-Wno-deprecated-declarations"; }; };
		34ABBFF01D991ECF00B3CCA6 /* VideoPickerViewController.xib in Resources */ = {isa = PBXBuildFile; fileRef = 34ABBFEC1D991ECF00B3CCA6 /* VideoPickerViewController.xib */; };
		34BD62121DA88D54004BF6AA /* EditVideoViewController.m in Sources */ = {isa = PBXBuildFile; fileRef = 34BD620E1DA88D54004BF6AA /* EditVideoViewController.m */; settings = {COMPILER_FLAGS = "-Wno-deprecated-declarations"; }; };
		34BD62131DA88D54004BF6AA /* EditVideoViewController.xib in Resources */ = {isa = PBXBuildFile; fileRef = 34BD620F1DA88D54004BF6AA /* EditVideoViewController.xib */; };
		34BD62141DA88D54004BF6AA /* Music.m4a in Resources */ = {isa = PBXBuildFile; fileRef = 34BD62101DA88D54004BF6AA /* Music.m4a */; };
		34BD62151DA88D54004BF6AA /* watermark@2x.png in Resources */ = {isa = PBXBuildFile; fileRef = 34BD62111DA88D54004BF6AA /* watermark@2x.png */; };
		34DB35221D9A508600F5E6A1 /* ZYBVideoHelper.m in Sources */ = {isa = PBXBuildFile; fileRef = 34DB35211D9A508600F5E6A1 /* ZYBVideoHelper.m */; settings = {COMPILER_FLAGS = "-Wno-deprecated-declarations"; }; };
		34DB35251D9A50DC00F5E6A1 /* ZYBVideoManager.m in Sources */ = {isa = PBXBuildFile; fileRef = 34DB35241D9A50DC00F5E6A1 /* ZYBVideoManager.m */; settings = {COMPILER_FLAGS = "-Wno-deprecated-declarations"; }; };
		34DB35301D9A5BDF00F5E6A1 /* SVIndefiniteAnimatedView.m in Sources */ = {isa = PBXBuildFile; fileRef = 34DB35281D9A5BDF00F5E6A1 /* SVIndefiniteAnimatedView.m */; };
		34DB35311D9A5BDF00F5E6A1 /* SVProgressAnimatedView.m in Sources */ = {isa = PBXBuildFile; fileRef = 34DB352A1D9A5BDF00F5E6A1 /* SVProgressAnimatedView.m */; };
		34DB35321D9A5BDF00F5E6A1 /* SVProgressHUD.bundle in Resources */ = {isa = PBXBuildFile; fileRef = 34DB352B1D9A5BDF00F5E6A1 /* SVProgressHUD.bundle */; };
		34DB35331D9A5BDF00F5E6A1 /* SVProgressHUD.m in Sources */ = {isa = PBXBuildFile; fileRef = 34DB352D1D9A5BDF00F5E6A1 /* SVProgressHUD.m */; };
		34DB35341D9A5BDF00F5E6A1 /* SVRadialGradientLayer.m in Sources */ = {isa = PBXBuildFile; fileRef = 34DB352F1D9A5BDF00F5E6A1 /* SVRadialGradientLayer.m */; };
		34E7AEDB1D911BF4007DA169 /* main.m in Sources */ = {isa = PBXBuildFile; fileRef = 34E7AEDA1D911BF4007DA169 /* main.m */; };
		34E7AEDE1D911BF4007DA169 /* AppDelegate.m in Sources */ = {isa = PBXBuildFile; fileRef = 34E7AEDD1D911BF4007DA169 /* AppDelegate.m */; settings = {COMPILER_FLAGS = "-Wno-deprecated-declarations"; }; };
		34E7AEE11D911BF4007DA169 /* ViewController.m in Sources */ = {isa = PBXBuildFile; fileRef = 34E7AEE01D911BF4007DA169 /* ViewController.m */; settings = {COMPILER_FLAGS = "-Wno-deprecated-declarations"; }; };
		34E7AEE41D911BF4007DA169 /* Main.storyboard in Resources */ = {isa = PBXBuildFile; fileRef = 34E7AEE21D911BF4007DA169 /* Main.storyboard */; };
		34E7AEE61D911BF4007DA169 /* Assets.xcassets in Resources */ = {isa = PBXBuildFile; fileRef = 34E7AEE51D911BF4007DA169 /* Assets.xcassets */; };
		34E7AEE91D911BF4007DA169 /* LaunchScreen.storyboard in Resources */ = {isa = PBXBuildFile; fileRef = 34E7AEE71D911BF4007DA169 /* LaunchScreen.storyboard */; };
		34E7AEF41D911BF4007DA169 /* TestCompressTests.m in Sources */ = {isa = PBXBuildFile; fileRef = 34E7AEF31D911BF4007DA169 /* TestCompressTests.m */; };
		34E7AEFF1D911EA9007DA169 /* MobileCoreServices.framework in Frameworks */ = {isa = PBXBuildFile; fileRef = 34E7AEFE1D911EA9007DA169 /* MobileCoreServices.framework */; };
		34E7AF011D913504007DA169 /* AVFoundation.framework in Frameworks */ = {isa = PBXBuildFile; fileRef = 34E7AF001D913504007DA169 /* AVFoundation.framework */; };
		34F8F25F1DA8DFF30046F5C3 /* FilterListViewController.swift in Sources */ = {isa = PBXBuildFile; fileRef = 34F8F25E1DA8DFF30046F5C3 /* FilterListViewController.swift */; };
		34F8F2611DA8E0070046F5C3 /* FilterDetailViewController.swift in Sources */ = {isa = PBXBuildFile; fileRef = 34F8F2601DA8E0070046F5C3 /* FilterDetailViewController.swift */; };
		34F8F2641DA8E02C0046F5C3 /* LabeledSliderView.swift in Sources */ = {isa = PBXBuildFile; fileRef = 34F8F2621DA8E02C0046F5C3 /* LabeledSliderView.swift */; };
		34F8F2651DA8E02C0046F5C3 /* ParameterAdjustmentView.swift in Sources */ = {isa = PBXBuildFile; fileRef = 34F8F2631DA8E02C0046F5C3 /* ParameterAdjustmentView.swift */; };
		34F8F2681DA8E03D0046F5C3 /* ScalarFilterParameter.swift in Sources */ = {isa = PBXBuildFile; fileRef = 34F8F2661DA8E03D0046F5C3 /* ScalarFilterParameter.swift */; };
		34F8F2691DA8E03D0046F5C3 /* FilteredImageView.swift in Sources */ = {isa = PBXBuildFile; fileRef = 34F8F2671DA8E03D0046F5C3 /* FilteredImageView.swift */; };
		34F8F26E1DA8F4FB0046F5C3 /* duckling.jpg in Resources */ = {isa = PBXBuildFile; fileRef = 34F8F26D1DA8F4FB0046F5C3 /* duckling.jpg */; };
		34F8F2711DA8F5B90046F5C3 /* PhotoFilterViewController.swift in Sources */ = {isa = PBXBuildFile; fileRef = 34F8F26F1DA8F5B90046F5C3 /* PhotoFilterViewController.swift */; };
		34F8F2721DA8F5B90046F5C3 /* PhotoFilterCollectionViewCell.swift in Sources */ = {isa = PBXBuildFile; fileRef = 34F8F2701DA8F5B90046F5C3 /* PhotoFilterCollectionViewCell.swift */; };
		34F8F27A1DA8F6C90046F5C3 /* FiltersEnterViewController.swift in Sources */ = {isa = PBXBuildFile; fileRef = 34F8F2791DA8F6C90046F5C3 /* FiltersEnterViewController.swift */; };
		34F8F27D1DA8FA450046F5C3 /* FilterDesWebViewController.swift in Sources */ = {isa = PBXBuildFile; fileRef = 34F8F27C1DA8FA450046F5C3 /* FilterDesWebViewController.swift */; };
		34F8F27F1DA8FA9D0046F5C3 /* FilterDesWebViewController.xib in Resources */ = {isa = PBXBuildFile; fileRef = 34F8F27E1DA8FA9D0046F5C3 /* FilterDesWebViewController.xib */; };
		34F8F2811DA9DAF60046F5C3 /* PhotoFilterViewController.xib in Resources */ = {isa = PBXBuildFile; fileRef = 34F8F2801DA9DAF60046F5C3 /* PhotoFilterViewController.xib */; };
/* End PBXBuildFile section */

/* Begin PBXContainerItemProxy section */
		349F46391D9232D500065DDF /* PBXContainerItemProxy */ = {
			isa = PBXContainerItemProxy;
			containerPortal = 34E7AECE1D911BF4007DA169 /* Project object */;
			proxyType = 1;
			remoteGlobalIDString = 349F461F1D9232D400065DDF;
			remoteInfo = TestALAssetsLibrary;
		};
		34E7AEF01D911BF4007DA169 /* PBXContainerItemProxy */ = {
			isa = PBXContainerItemProxy;
			containerPortal = 34E7AECE1D911BF4007DA169 /* Project object */;
			proxyType = 1;
			remoteGlobalIDString = 34E7AED51D911BF4007DA169;
			remoteInfo = TestCompress;
		};
/* End PBXContainerItemProxy section */

/* Begin PBXFileReference section */
		340173571DAC87490099C030 /* ZYBImageHelper.h */ = {isa = PBXFileReference; fileEncoding = 4; lastKnownFileType = sourcecode.c.h; path = ZYBImageHelper.h; sourceTree = "<group>"; };
		340173581DAC87490099C030 /* ZYBImageHelper.m */ = {isa = PBXFileReference; fileEncoding = 4; lastKnownFileType = sourcecode.c.objc; path = ZYBImageHelper.m; sourceTree = "<group>"; };
		349F46201D9232D400065DDF /* TestALAssetsLibrary.app */ = {isa = PBXFileReference; explicitFileType = wrapper.application; includeInIndex = 0; path = TestALAssetsLibrary.app; sourceTree = BUILT_PRODUCTS_DIR; };
		349F46381D9232D500065DDF /* TestALAssetsLibraryTests.xctest */ = {isa = PBXFileReference; explicitFileType = wrapper.cfbundle; includeInIndex = 0; path = TestALAssetsLibraryTests.xctest; sourceTree = BUILT_PRODUCTS_DIR; };
		349F463C1D9232D500065DDF /* TestALAssetsLibraryTests.m */ = {isa = PBXFileReference; lastKnownFileType = sourcecode.c.objc; path = TestALAssetsLibraryTests.m; sourceTree = "<group>"; };
		349F463E1D9232D500065DDF /* Info.plist */ = {isa = PBXFileReference; lastKnownFileType = text.plist.xml; path = Info.plist; sourceTree = "<group>"; };
		349F46FA1D92A3DD00065DDF /* test.png */ = {isa = PBXFileReference; lastKnownFileType = image.png; name = test.png; path = ../test.png; sourceTree = "<group>"; };
		34A4C86D1DAB267A00714428 /* DIYImageViewController.h */ = {isa = PBXFileReference; fileEncoding = 4; lastKnownFileType = sourcecode.c.h; path = DIYImageViewController.h; sourceTree = "<group>"; };
		34A4C86E1DAB267A00714428 /* DIYImageViewController.m */ = {isa = PBXFileReference; fileEncoding = 4; lastKnownFileType = sourcecode.c.objc; path = DIYImageViewController.m; sourceTree = "<group>"; };
		34A4C86F1DAB267A00714428 /* DIYImageViewController.xib */ = {isa = PBXFileReference; fileEncoding = 4; lastKnownFileType = file.xib; path = DIYImageViewController.xib; sourceTree = "<group>"; };
		34A4C8721DAB2BFA00714428 /* empty_img@2x.png */ = {isa = PBXFileReference; lastKnownFileType = image.png; path = "empty_img@2x.png"; sourceTree = "<group>"; };
		34A4C8741DAB2C6E00714428 /* qun_delete.png */ = {isa = PBXFileReference; lastKnownFileType = image.png; path = qun_delete.png; sourceTree = "<group>"; };
		34A4C8751DAB2C6E00714428 /* qun_add.png */ = {isa = PBXFileReference; lastKnownFileType = image.png; path = qun_add.png; sourceTree = "<group>"; };
		34A4C8781DAB2D4700714428 /* 麦克雷帽.png */ = {isa = PBXFileReference; lastKnownFileType = image.png; path = "麦克雷帽.png"; sourceTree = "<group>"; };
		34A4C8791DAB2D4700714428 /* 麦克雷烟.png */ = {isa = PBXFileReference; lastKnownFileType = image.png; path = "麦克雷烟.png"; sourceTree = "<group>"; };
		34A4C87E1DAB2FEB00714428 /* 图片.png */ = {isa = PBXFileReference; lastKnownFileType = image.png; path = "图片.png"; sourceTree = "<group>"; };
		34A4C8801DAB422C00714428 /* diy_scale@2x.png */ = {isa = PBXFileReference; lastKnownFileType = image.png; path = "diy_scale@2x.png"; sourceTree = "<group>"; };
		34ABBFE71D991ECF00B3CCA6 /* VideoDetailViewController.h */ = {isa = PBXFileReference; fileEncoding = 4; lastKnownFileType = sourcecode.c.h; path = VideoDetailViewController.h; sourceTree = "<group>"; };
		34ABBFE81D991ECF00B3CCA6 /* VideoDetailViewController.m */ = {isa = PBXFileReference; fileEncoding = 4; lastKnownFileType = sourcecode.c.objc; path = VideoDetailViewController.m; sourceTree = "<group>"; };
		34ABBFE91D991ECF00B3CCA6 /* VideoDetailViewController.xib */ = {isa = PBXFileReference; fileEncoding = 4; lastKnownFileType = file.xib; path = VideoDetailViewController.xib; sourceTree = "<group>"; };
		34ABBFEA1D991ECF00B3CCA6 /* VideoPickerViewController.h */ = {isa = PBXFileReference; fileEncoding = 4; lastKnownFileType = sourcecode.c.h; path = VideoPickerViewController.h; sourceTree = "<group>"; };
		34ABBFEB1D991ECF00B3CCA6 /* VideoPickerViewController.m */ = {isa = PBXFileReference; fileEncoding = 4; lastKnownFileType = sourcecode.c.objc; path = VideoPickerViewController.m; sourceTree = "<group>"; };
		34ABBFEC1D991ECF00B3CCA6 /* VideoPickerViewController.xib */ = {isa = PBXFileReference; fileEncoding = 4; lastKnownFileType = file.xib; path = VideoPickerViewController.xib; sourceTree = "<group>"; };
		34BD620D1DA88D54004BF6AA /* EditVideoViewController.h */ = {isa = PBXFileReference; fileEncoding = 4; lastKnownFileType = sourcecode.c.h; path = EditVideoViewController.h; sourceTree = "<group>"; };
		34BD620E1DA88D54004BF6AA /* EditVideoViewController.m */ = {isa = PBXFileReference; fileEncoding = 4; lastKnownFileType = sourcecode.c.objc; path = EditVideoViewController.m; sourceTree = "<group>"; };
		34BD620F1DA88D54004BF6AA /* EditVideoViewController.xib */ = {isa = PBXFileReference; fileEncoding = 4; lastKnownFileType = file.xib; path = EditVideoViewController.xib; sourceTree = "<group>"; };
		34BD62101DA88D54004BF6AA /* Music.m4a */ = {isa = PBXFileReference; lastKnownFileType = file; path = Music.m4a; sourceTree = "<group>"; };
		34BD62111DA88D54004BF6AA /* watermark@2x.png */ = {isa = PBXFileReference; lastKnownFileType = image.png; path = "watermark@2x.png"; sourceTree = "<group>"; };
		34DB35201D9A508600F5E6A1 /* ZYBVideoHelper.h */ = {isa = PBXFileReference; fileEncoding = 4; lastKnownFileType = sourcecode.c.h; path = ZYBVideoHelper.h; sourceTree = "<group>"; };
		34DB35211D9A508600F5E6A1 /* ZYBVideoHelper.m */ = {isa = PBXFileReference; fileEncoding = 4; lastKnownFileType = sourcecode.c.objc; path = ZYBVideoHelper.m; sourceTree = "<group>"; };
		34DB35231D9A50DC00F5E6A1 /* ZYBVideoManager.h */ = {isa = PBXFileReference; fileEncoding = 4; lastKnownFileType = sourcecode.c.h; path = ZYBVideoManager.h; sourceTree = "<group>"; };
		34DB35241D9A50DC00F5E6A1 /* ZYBVideoManager.m */ = {isa = PBXFileReference; fileEncoding = 4; lastKnownFileType = sourcecode.c.objc; path = ZYBVideoManager.m; sourceTree = "<group>"; };
		34DB35271D9A5BDF00F5E6A1 /* SVIndefiniteAnimatedView.h */ = {isa = PBXFileReference; fileEncoding = 4; lastKnownFileType = sourcecode.c.h; path = SVIndefiniteAnimatedView.h; sourceTree = "<group>"; };
		34DB35281D9A5BDF00F5E6A1 /* SVIndefiniteAnimatedView.m */ = {isa = PBXFileReference; fileEncoding = 4; lastKnownFileType = sourcecode.c.objc; path = SVIndefiniteAnimatedView.m; sourceTree = "<group>"; };
		34DB35291D9A5BDF00F5E6A1 /* SVProgressAnimatedView.h */ = {isa = PBXFileReference; fileEncoding = 4; lastKnownFileType = sourcecode.c.h; path = SVProgressAnimatedView.h; sourceTree = "<group>"; };
		34DB352A1D9A5BDF00F5E6A1 /* SVProgressAnimatedView.m */ = {isa = PBXFileReference; fileEncoding = 4; lastKnownFileType = sourcecode.c.objc; path = SVProgressAnimatedView.m; sourceTree = "<group>"; };
		34DB352B1D9A5BDF00F5E6A1 /* SVProgressHUD.bundle */ = {isa = PBXFileReference; lastKnownFileType = "wrapper.plug-in"; path = SVProgressHUD.bundle; sourceTree = "<group>"; };
		34DB352C1D9A5BDF00F5E6A1 /* SVProgressHUD.h */ = {isa = PBXFileReference; fileEncoding = 4; lastKnownFileType = sourcecode.c.h; path = SVProgressHUD.h; sourceTree = "<group>"; };
		34DB352D1D9A5BDF00F5E6A1 /* SVProgressHUD.m */ = {isa = PBXFileReference; fileEncoding = 4; lastKnownFileType = sourcecode.c.objc; path = SVProgressHUD.m; sourceTree = "<group>"; };
		34DB352E1D9A5BDF00F5E6A1 /* SVRadialGradientLayer.h */ = {isa = PBXFileReference; fileEncoding = 4; lastKnownFileType = sourcecode.c.h; path = SVRadialGradientLayer.h; sourceTree = "<group>"; };
		34DB352F1D9A5BDF00F5E6A1 /* SVRadialGradientLayer.m */ = {isa = PBXFileReference; fileEncoding = 4; lastKnownFileType = sourcecode.c.objc; path = SVRadialGradientLayer.m; sourceTree = "<group>"; };
		34E7AED61D911BF4007DA169 /* TestCompress.app */ = {isa = PBXFileReference; explicitFileType = wrapper.application; includeInIndex = 0; path = TestCompress.app; sourceTree = BUILT_PRODUCTS_DIR; };
		34E7AEDA1D911BF4007DA169 /* main.m */ = {isa = PBXFileReference; lastKnownFileType = sourcecode.c.objc; path = main.m; sourceTree = "<group>"; };
		34E7AEDC1D911BF4007DA169 /* AppDelegate.h */ = {isa = PBXFileReference; lastKnownFileType = sourcecode.c.h; path = AppDelegate.h; sourceTree = "<group>"; };
		34E7AEDD1D911BF4007DA169 /* AppDelegate.m */ = {isa = PBXFileReference; lastKnownFileType = sourcecode.c.objc; path = AppDelegate.m; sourceTree = "<group>"; };
		34E7AEDF1D911BF4007DA169 /* ViewController.h */ = {isa = PBXFileReference; lastKnownFileType = sourcecode.c.h; path = ViewController.h; sourceTree = "<group>"; };
		34E7AEE01D911BF4007DA169 /* ViewController.m */ = {isa = PBXFileReference; lastKnownFileType = sourcecode.c.objc; path = ViewController.m; sourceTree = "<group>"; };
		34E7AEE31D911BF4007DA169 /* Base */ = {isa = PBXFileReference; lastKnownFileType = file.storyboard; name = Base; path = Base.lproj/Main.storyboard; sourceTree = "<group>"; };
		34E7AEE51D911BF4007DA169 /* Assets.xcassets */ = {isa = PBXFileReference; lastKnownFileType = folder.assetcatalog; path = Assets.xcassets; sourceTree = "<group>"; };
		34E7AEE81D911BF4007DA169 /* Base */ = {isa = PBXFileReference; lastKnownFileType = file.storyboard; name = Base; path = Base.lproj/LaunchScreen.storyboard; sourceTree = "<group>"; };
		34E7AEEA1D911BF4007DA169 /* Info.plist */ = {isa = PBXFileReference; lastKnownFileType = text.plist.xml; path = Info.plist; sourceTree = "<group>"; };
		34E7AEEF1D911BF4007DA169 /* TestCompressTests.xctest */ = {isa = PBXFileReference; explicitFileType = wrapper.cfbundle; includeInIndex = 0; path = TestCompressTests.xctest; sourceTree = BUILT_PRODUCTS_DIR; };
		34E7AEF31D911BF4007DA169 /* TestCompressTests.m */ = {isa = PBXFileReference; lastKnownFileType = sourcecode.c.objc; path = TestCompressTests.m; sourceTree = "<group>"; };
		34E7AEF51D911BF4007DA169 /* Info.plist */ = {isa = PBXFileReference; lastKnownFileType = text.plist.xml; path = Info.plist; sourceTree = "<group>"; };
		34E7AEFE1D911EA9007DA169 /* MobileCoreServices.framework */ = {isa = PBXFileReference; lastKnownFileType = wrapper.framework; name = MobileCoreServices.framework; path = System/Library/Frameworks/MobileCoreServices.framework; sourceTree = SDKROOT; };
		34E7AF001D913504007DA169 /* AVFoundation.framework */ = {isa = PBXFileReference; lastKnownFileType = wrapper.framework; name = AVFoundation.framework; path = System/Library/Frameworks/AVFoundation.framework; sourceTree = SDKROOT; };
		34F8F25D1DA8DFF20046F5C3 /* TestCompress-Bridging-Header.h */ = {isa = PBXFileReference; lastKnownFileType = sourcecode.c.h; path = "TestCompress-Bridging-Header.h"; sourceTree = "<group>"; };
		34F8F25E1DA8DFF30046F5C3 /* FilterListViewController.swift */ = {isa = PBXFileReference; fileEncoding = 4; lastKnownFileType = sourcecode.swift; path = FilterListViewController.swift; sourceTree = "<group>"; };
		34F8F2601DA8E0070046F5C3 /* FilterDetailViewController.swift */ = {isa = PBXFileReference; fileEncoding = 4; lastKnownFileType = sourcecode.swift; path = FilterDetailViewController.swift; sourceTree = "<group>"; };
		34F8F2621DA8E02C0046F5C3 /* LabeledSliderView.swift */ = {isa = PBXFileReference; fileEncoding = 4; lastKnownFileType = sourcecode.swift; path = LabeledSliderView.swift; sourceTree = "<group>"; };
		34F8F2631DA8E02C0046F5C3 /* ParameterAdjustmentView.swift */ = {isa = PBXFileReference; fileEncoding = 4; lastKnownFileType = sourcecode.swift; path = ParameterAdjustmentView.swift; sourceTree = "<group>"; };
		34F8F2661DA8E03D0046F5C3 /* ScalarFilterParameter.swift */ = {isa = PBXFileReference; fileEncoding = 4; lastKnownFileType = sourcecode.swift; path = ScalarFilterParameter.swift; sourceTree = "<group>"; };
		34F8F2671DA8E03D0046F5C3 /* FilteredImageView.swift */ = {isa = PBXFileReference; fileEncoding = 4; lastKnownFileType = sourcecode.swift; path = FilteredImageView.swift; sourceTree = "<group>"; };
		34F8F26D1DA8F4FB0046F5C3 /* duckling.jpg */ = {isa = PBXFileReference; lastKnownFileType = image.jpeg; path = duckling.jpg; sourceTree = "<group>"; };
		34F8F26F1DA8F5B90046F5C3 /* PhotoFilterViewController.swift */ = {isa = PBXFileReference; fileEncoding = 4; lastKnownFileType = sourcecode.swift; path = PhotoFilterViewController.swift; sourceTree = "<group>"; };
		34F8F2701DA8F5B90046F5C3 /* PhotoFilterCollectionViewCell.swift */ = {isa = PBXFileReference; fileEncoding = 4; lastKnownFileType = sourcecode.swift; path = PhotoFilterCollectionViewCell.swift; sourceTree = "<group>"; };
		34F8F2791DA8F6C90046F5C3 /* FiltersEnterViewController.swift */ = {isa = PBXFileReference; fileEncoding = 4; lastKnownFileType = sourcecode.swift; path = FiltersEnterViewController.swift; sourceTree = "<group>"; };
		34F8F27C1DA8FA450046F5C3 /* FilterDesWebViewController.swift */ = {isa = PBXFileReference; fileEncoding = 4; lastKnownFileType = sourcecode.swift; path = FilterDesWebViewController.swift; sourceTree = "<group>"; };
		34F8F27E1DA8FA9D0046F5C3 /* FilterDesWebViewController.xib */ = {isa = PBXFileReference; fileEncoding = 4; lastKnownFileType = file.xib; path = FilterDesWebViewController.xib; sourceTree = "<group>"; };
		34F8F2801DA9DAF60046F5C3 /* PhotoFilterViewController.xib */ = {isa = PBXFileReference; fileEncoding = 4; lastKnownFileType = file.xib; path = PhotoFilterViewController.xib; sourceTree = "<group>"; };
/* End PBXFileReference section */

/* Begin PBXFrameworksBuildPhase section */
		349F461D1D9232D400065DDF /* Frameworks */ = {
			isa = PBXFrameworksBuildPhase;
			buildActionMask = 2147483647;
			files = (
			);
			runOnlyForDeploymentPostprocessing = 0;
		};
		349F46351D9232D500065DDF /* Frameworks */ = {
			isa = PBXFrameworksBuildPhase;
			buildActionMask = 2147483647;
			files = (
			);
			runOnlyForDeploymentPostprocessing = 0;
		};
		34E7AED31D911BF4007DA169 /* Frameworks */ = {
			isa = PBXFrameworksBuildPhase;
			buildActionMask = 2147483647;
			files = (
				34E7AF011D913504007DA169 /* AVFoundation.framework in Frameworks */,
				34E7AEFF1D911EA9007DA169 /* MobileCoreServices.framework in Frameworks */,
			);
			runOnlyForDeploymentPostprocessing = 0;
		};
		34E7AEEC1D911BF4007DA169 /* Frameworks */ = {
			isa = PBXFrameworksBuildPhase;
			buildActionMask = 2147483647;
			files = (
			);
			runOnlyForDeploymentPostprocessing = 0;
		};
/* End PBXFrameworksBuildPhase section */

/* Begin PBXGroup section */
		349F463B1D9232D500065DDF /* TestALAssetsLibraryTests */ = {
			isa = PBXGroup;
			children = (
				349F463C1D9232D500065DDF /* TestALAssetsLibraryTests.m */,
				349F463E1D9232D500065DDF /* Info.plist */,
			);
			path = TestALAssetsLibraryTests;
			sourceTree = "<group>";
		};
		34ABBFE61D991ECF00B3CCA6 /* Compress */ = {
			isa = PBXGroup;
			children = (
				349F46FA1D92A3DD00065DDF /* test.png */,
				34ABBFE71D991ECF00B3CCA6 /* VideoDetailViewController.h */,
				34ABBFE81D991ECF00B3CCA6 /* VideoDetailViewController.m */,
				34ABBFE91D991ECF00B3CCA6 /* VideoDetailViewController.xib */,
				34ABBFEA1D991ECF00B3CCA6 /* VideoPickerViewController.h */,
				34ABBFEB1D991ECF00B3CCA6 /* VideoPickerViewController.m */,
				34ABBFEC1D991ECF00B3CCA6 /* VideoPickerViewController.xib */,
			);
			path = Compress;
			sourceTree = "<group>";
		};
		34B5DABF1DAA4BD900F7BBEC /* DIYImage */ = {
			isa = PBXGroup;
			children = (
				34A4C8801DAB422C00714428 /* diy_scale@2x.png */,
				34A4C87E1DAB2FEB00714428 /* 图片.png */,
				34A4C8781DAB2D4700714428 /* 麦克雷帽.png */,
				34A4C8791DAB2D4700714428 /* 麦克雷烟.png */,
				34A4C8721DAB2BFA00714428 /* empty_img@2x.png */,
				34A4C8741DAB2C6E00714428 /* qun_delete.png */,
				34A4C8751DAB2C6E00714428 /* qun_add.png */,
				34A4C86D1DAB267A00714428 /* DIYImageViewController.h */,
				34A4C86E1DAB267A00714428 /* DIYImageViewController.m */,
				34A4C86F1DAB267A00714428 /* DIYImageViewController.xib */,
			);
			path = DIYImage;
			sourceTree = "<group>";
		};
		34BD620C1DA88D54004BF6AA /* EditVideo */ = {
			isa = PBXGroup;
			children = (
				34BD620D1DA88D54004BF6AA /* EditVideoViewController.h */,
				34BD620E1DA88D54004BF6AA /* EditVideoViewController.m */,
				34BD620F1DA88D54004BF6AA /* EditVideoViewController.xib */,
				34BD62101DA88D54004BF6AA /* Music.m4a */,
				34BD62111DA88D54004BF6AA /* watermark@2x.png */,
			);
			path = EditVideo;
			sourceTree = "<group>";
		};
		34DB351F1D9A506700F5E6A1 /* ZYBVideoHelper */ = {
			isa = PBXGroup;
			children = (
				34DB35201D9A508600F5E6A1 /* ZYBVideoHelper.h */,
				34DB35211D9A508600F5E6A1 /* ZYBVideoHelper.m */,
				34DB35231D9A50DC00F5E6A1 /* ZYBVideoManager.h */,
				34DB35241D9A50DC00F5E6A1 /* ZYBVideoManager.m */,
				340173571DAC87490099C030 /* ZYBImageHelper.h */,
				340173581DAC87490099C030 /* ZYBImageHelper.m */,
			);
			path = ZYBVideoHelper;
			sourceTree = "<group>";
		};
		34DB35261D9A5BDE00F5E6A1 /* SVProgressHUD */ = {
			isa = PBXGroup;
			children = (
				34DB35271D9A5BDF00F5E6A1 /* SVIndefiniteAnimatedView.h */,
				34DB35281D9A5BDF00F5E6A1 /* SVIndefiniteAnimatedView.m */,
				34DB35291D9A5BDF00F5E6A1 /* SVProgressAnimatedView.h */,
				34DB352A1D9A5BDF00F5E6A1 /* SVProgressAnimatedView.m */,
				34DB352B1D9A5BDF00F5E6A1 /* SVProgressHUD.bundle */,
				34DB352C1D9A5BDF00F5E6A1 /* SVProgressHUD.h */,
				34DB352D1D9A5BDF00F5E6A1 /* SVProgressHUD.m */,
				34DB352E1D9A5BDF00F5E6A1 /* SVRadialGradientLayer.h */,
				34DB352F1D9A5BDF00F5E6A1 /* SVRadialGradientLayer.m */,
			);
			path = SVProgressHUD;
			sourceTree = "<group>";
		};
		34E7AECD1D911BF4007DA169 = {
			isa = PBXGroup;
			children = (
				34E7AF001D913504007DA169 /* AVFoundation.framework */,
				34E7AEFE1D911EA9007DA169 /* MobileCoreServices.framework */,
				34DB35261D9A5BDE00F5E6A1 /* SVProgressHUD */,
				34E7AED81D911BF4007DA169 /* TestCompress */,
				34E7AEF21D911BF4007DA169 /* TestCompressTests */,
				349F463B1D9232D500065DDF /* TestALAssetsLibraryTests */,
				34E7AED71D911BF4007DA169 /* Products */,
			);
			sourceTree = "<group>";
		};
		34E7AED71D911BF4007DA169 /* Products */ = {
			isa = PBXGroup;
			children = (
				34E7AED61D911BF4007DA169 /* TestCompress.app */,
				34E7AEEF1D911BF4007DA169 /* TestCompressTests.xctest */,
				349F46201D9232D400065DDF /* TestALAssetsLibrary.app */,
				349F46381D9232D500065DDF /* TestALAssetsLibraryTests.xctest */,
			);
			name = Products;
			sourceTree = "<group>";
		};
		34E7AED81D911BF4007DA169 /* TestCompress */ = {
			isa = PBXGroup;
			children = (
				34DB351F1D9A506700F5E6A1 /* ZYBVideoHelper */,
				34BD620C1DA88D54004BF6AA /* EditVideo */,
				34ABBFE61D991ECF00B3CCA6 /* Compress */,
				34F8F25C1DA8DDB00046F5C3 /* Filter */,
				34B5DABF1DAA4BD900F7BBEC /* DIYImage */,
				34E7AEDC1D911BF4007DA169 /* AppDelegate.h */,
				34E7AEDD1D911BF4007DA169 /* AppDelegate.m */,
				34E7AEDF1D911BF4007DA169 /* ViewController.h */,
				34E7AEE01D911BF4007DA169 /* ViewController.m */,
				34E7AEE21D911BF4007DA169 /* Main.storyboard */,
				34E7AEE51D911BF4007DA169 /* Assets.xcassets */,
				34E7AEE71D911BF4007DA169 /* LaunchScreen.storyboard */,
				34E7AEEA1D911BF4007DA169 /* Info.plist */,
				34E7AED91D911BF4007DA169 /* Supporting Files */,
			);
			path = TestCompress;
			sourceTree = "<group>";
		};
		34E7AED91D911BF4007DA169 /* Supporting Files */ = {
			isa = PBXGroup;
			children = (
				34E7AEDA1D911BF4007DA169 /* main.m */,
			);
			name = "Supporting Files";
			sourceTree = "<group>";
		};
		34E7AEF21D911BF4007DA169 /* TestCompressTests */ = {
			isa = PBXGroup;
			children = (
				34E7AEF31D911BF4007DA169 /* TestCompressTests.m */,
				34E7AEF51D911BF4007DA169 /* Info.plist */,
			);
			path = TestCompressTests;
			sourceTree = "<group>";
		};
		34F8F25C1DA8DDB00046F5C3 /* Filter */ = {
			isa = PBXGroup;
			children = (
				34F8F25D1DA8DFF20046F5C3 /* TestCompress-Bridging-Header.h */,
				34F8F2791DA8F6C90046F5C3 /* FiltersEnterViewController.swift */,
				34F8F26A1DA8E2230046F5C3 /* Views */,
				34F8F2731DA8F5C70046F5C3 /* EditFilter */,
				34F8F2741DA8F5D20046F5C3 /* ViewFitlter */,
				34F8F27B1DA8FA140046F5C3 /* FilterDes */,
			);
			path = Filter;
			sourceTree = "<group>";
		};
		34F8F26A1DA8E2230046F5C3 /* Views */ = {
			isa = PBXGroup;
			children = (
				34F8F26D1DA8F4FB0046F5C3 /* duckling.jpg */,
				34F8F2621DA8E02C0046F5C3 /* LabeledSliderView.swift */,
				34F8F2631DA8E02C0046F5C3 /* ParameterAdjustmentView.swift */,
				34F8F2661DA8E03D0046F5C3 /* ScalarFilterParameter.swift */,
				34F8F2671DA8E03D0046F5C3 /* FilteredImageView.swift */,
			);
			name = Views;
			sourceTree = "<group>";
		};
		34F8F2731DA8F5C70046F5C3 /* EditFilter */ = {
			isa = PBXGroup;
			children = (
				34F8F25E1DA8DFF30046F5C3 /* FilterListViewController.swift */,
				34F8F2601DA8E0070046F5C3 /* FilterDetailViewController.swift */,
			);
			name = EditFilter;
			sourceTree = "<group>";
		};
		34F8F2741DA8F5D20046F5C3 /* ViewFitlter */ = {
			isa = PBXGroup;
			children = (
				34F8F26F1DA8F5B90046F5C3 /* PhotoFilterViewController.swift */,
				34F8F2801DA9DAF60046F5C3 /* PhotoFilterViewController.xib */,
				34F8F2701DA8F5B90046F5C3 /* PhotoFilterCollectionViewCell.swift */,
			);
			name = ViewFitlter;
			sourceTree = "<group>";
		};
		34F8F27B1DA8FA140046F5C3 /* FilterDes */ = {
			isa = PBXGroup;
			children = (
				34F8F27C1DA8FA450046F5C3 /* FilterDesWebViewController.swift */,
				34F8F27E1DA8FA9D0046F5C3 /* FilterDesWebViewController.xib */,
			);
			name = FilterDes;
			sourceTree = "<group>";
		};
/* End PBXGroup section */

/* Begin PBXNativeTarget section */
		349F461F1D9232D400065DDF /* TestALAssetsLibrary */ = {
			isa = PBXNativeTarget;
			buildConfigurationList = 349F46431D9232D500065DDF /* Build configuration list for PBXNativeTarget "TestALAssetsLibrary" */;
			buildPhases = (
				349F461C1D9232D400065DDF /* Sources */,
				349F461D1D9232D400065DDF /* Frameworks */,
				349F461E1D9232D400065DDF /* Resources */,
			);
			buildRules = (
			);
			dependencies = (
			);
			name = TestALAssetsLibrary;
			productName = TestALAssetsLibrary;
			productReference = 349F46201D9232D400065DDF /* TestALAssetsLibrary.app */;
			productType = "com.apple.product-type.application";
		};
		349F46371D9232D500065DDF /* TestALAssetsLibraryTests */ = {
			isa = PBXNativeTarget;
			buildConfigurationList = 349F46441D9232D500065DDF /* Build configuration list for PBXNativeTarget "TestALAssetsLibraryTests" */;
			buildPhases = (
				349F46341D9232D500065DDF /* Sources */,
				349F46351D9232D500065DDF /* Frameworks */,
				349F46361D9232D500065DDF /* Resources */,
			);
			buildRules = (
			);
			dependencies = (
				349F463A1D9232D500065DDF /* PBXTargetDependency */,
			);
			name = TestALAssetsLibraryTests;
			productName = TestALAssetsLibraryTests;
			productReference = 349F46381D9232D500065DDF /* TestALAssetsLibraryTests.xctest */;
			productType = "com.apple.product-type.bundle.unit-test";
		};
		34E7AED51D911BF4007DA169 /* TestCompress */ = {
			isa = PBXNativeTarget;
			buildConfigurationList = 34E7AEF81D911BF4007DA169 /* Build configuration list for PBXNativeTarget "TestCompress" */;
			buildPhases = (
				34E7AED21D911BF4007DA169 /* Sources */,
				34E7AED31D911BF4007DA169 /* Frameworks */,
				34E7AED41D911BF4007DA169 /* Resources */,
			);
			buildRules = (
			);
			dependencies = (
			);
			name = TestCompress;
			productName = TestCompress;
			productReference = 34E7AED61D911BF4007DA169 /* TestCompress.app */;
			productType = "com.apple.product-type.application";
		};
		34E7AEEE1D911BF4007DA169 /* TestCompressTests */ = {
			isa = PBXNativeTarget;
			buildConfigurationList = 34E7AEFB1D911BF4007DA169 /* Build configuration list for PBXNativeTarget "TestCompressTests" */;
			buildPhases = (
				34E7AEEB1D911BF4007DA169 /* Sources */,
				34E7AEEC1D911BF4007DA169 /* Frameworks */,
				34E7AEED1D911BF4007DA169 /* Resources */,
			);
			buildRules = (
			);
			dependencies = (
				34E7AEF11D911BF4007DA169 /* PBXTargetDependency */,
			);
			name = TestCompressTests;
			productName = TestCompressTests;
			productReference = 34E7AEEF1D911BF4007DA169 /* TestCompressTests.xctest */;
			productType = "com.apple.product-type.bundle.unit-test";
		};
/* End PBXNativeTarget section */

/* Begin PBXProject section */
		34E7AECE1D911BF4007DA169 /* Project object */ = {
			isa = PBXProject;
			attributes = {
				LastUpgradeCheck = 0730;
				ORGANIZATIONNAME = Shane;
				TargetAttributes = {
					349F461F1D9232D400065DDF = {
						CreatedOnToolsVersion = 7.3;
					};
					349F46371D9232D500065DDF = {
						CreatedOnToolsVersion = 7.3;
						TestTargetID = 349F461F1D9232D400065DDF;
					};
					34E7AED51D911BF4007DA169 = {
						CreatedOnToolsVersion = 7.3;
						DevelopmentTeam = FY9VNRD73A;
						LastSwiftMigration = 0800;
						ProvisioningStyle = Automatic;
					};
					34E7AEEE1D911BF4007DA169 = {
						CreatedOnToolsVersion = 7.3;
						TestTargetID = 34E7AED51D911BF4007DA169;
					};
				};
			};
			buildConfigurationList = 34E7AED11D911BF4007DA169 /* Build configuration list for PBXProject "TestCompress" */;
			compatibilityVersion = "Xcode 3.2";
			developmentRegion = English;
			hasScannedForEncodings = 0;
			knownRegions = (
				en,
				Base,
			);
			mainGroup = 34E7AECD1D911BF4007DA169;
			productRefGroup = 34E7AED71D911BF4007DA169 /* Products */;
			projectDirPath = "";
			projectRoot = "";
			targets = (
				34E7AED51D911BF4007DA169 /* TestCompress */,
				34E7AEEE1D911BF4007DA169 /* TestCompressTests */,
				349F461F1D9232D400065DDF /* TestALAssetsLibrary */,
				349F46371D9232D500065DDF /* TestALAssetsLibraryTests */,
			);
		};
/* End PBXProject section */

/* Begin PBXResourcesBuildPhase section */
		349F461E1D9232D400065DDF /* Resources */ = {
			isa = PBXResourcesBuildPhase;
			buildActionMask = 2147483647;
			files = (
			);
			runOnlyForDeploymentPostprocessing = 0;
		};
		349F46361D9232D500065DDF /* Resources */ = {
			isa = PBXResourcesBuildPhase;
			buildActionMask = 2147483647;
			files = (
			);
			runOnlyForDeploymentPostprocessing = 0;
		};
		34E7AED41D911BF4007DA169 /* Resources */ = {
			isa = PBXResourcesBuildPhase;
			buildActionMask = 2147483647;
			files = (
				34BD62141DA88D54004BF6AA /* Music.m4a in Resources */,
				34BD62131DA88D54004BF6AA /* EditVideoViewController.xib in Resources */,
				34ABBFF01D991ECF00B3CCA6 /* VideoPickerViewController.xib in Resources */,
				34DB35321D9A5BDF00F5E6A1 /* SVProgressHUD.bundle in Resources */,
				34A4C87A1DAB2D4700714428 /* 麦克雷帽.png in Resources */,
				34E7AEE91D911BF4007DA169 /* LaunchScreen.storyboard in Resources */,
				34F8F2811DA9DAF60046F5C3 /* PhotoFilterViewController.xib in Resources */,
				34BD62151DA88D54004BF6AA /* watermark@2x.png in Resources */,
				34A4C8771DAB2C6E00714428 /* qun_add.png in Resources */,
				34A4C8761DAB2C6E00714428 /* qun_delete.png in Resources */,
				34A4C87F1DAB2FEB00714428 /* 图片.png in Resources */,
				34A4C8811DAB422C00714428 /* diy_scale@2x.png in Resources */,
				34ABBFEE1D991ECF00B3CCA6 /* VideoDetailViewController.xib in Resources */,
				349F46FB1D92A3DD00065DDF /* test.png in Resources */,
				34A4C8711DAB267A00714428 /* DIYImageViewController.xib in Resources */,
				34F8F27F1DA8FA9D0046F5C3 /* FilterDesWebViewController.xib in Resources */,
				34A4C87B1DAB2D4700714428 /* 麦克雷烟.png in Resources */,
				34E7AEE61D911BF4007DA169 /* Assets.xcassets in Resources */,
				34A4C8731DAB2BFA00714428 /* empty_img@2x.png in Resources */,
				34F8F26E1DA8F4FB0046F5C3 /* duckling.jpg in Resources */,
				34E7AEE41D911BF4007DA169 /* Main.storyboard in Resources */,
			);
			runOnlyForDeploymentPostprocessing = 0;
		};
		34E7AEED1D911BF4007DA169 /* Resources */ = {
			isa = PBXResourcesBuildPhase;
			buildActionMask = 2147483647;
			files = (
			);
			runOnlyForDeploymentPostprocessing = 0;
		};
/* End PBXResourcesBuildPhase section */

/* Begin PBXSourcesBuildPhase section */
		349F461C1D9232D400065DDF /* Sources */ = {
			isa = PBXSourcesBuildPhase;
			buildActionMask = 2147483647;
			files = (
			);
			runOnlyForDeploymentPostprocessing = 0;
		};
		349F46341D9232D500065DDF /* Sources */ = {
			isa = PBXSourcesBuildPhase;
			buildActionMask = 2147483647;
			files = (
				349F463D1D9232D500065DDF /* TestALAssetsLibraryTests.m in Sources */,
			);
			runOnlyForDeploymentPostprocessing = 0;
		};
		34E7AED21D911BF4007DA169 /* Sources */ = {
			isa = PBXSourcesBuildPhase;
			buildActionMask = 2147483647;
			files = (
				34BD62121DA88D54004BF6AA /* EditVideoViewController.m in Sources */,
				34ABBFEF1D991ECF00B3CCA6 /* VideoPickerViewController.m in Sources */,
				34DB35311D9A5BDF00F5E6A1 /* SVProgressAnimatedView.m in Sources */,
				340173591DAC87490099C030 /* ZYBImageHelper.m in Sources */,
				34F8F2681DA8E03D0046F5C3 /* ScalarFilterParameter.swift in Sources */,
				34F8F2651DA8E02C0046F5C3 /* ParameterAdjustmentView.swift in Sources */,
				34F8F2721DA8F5B90046F5C3 /* PhotoFilterCollectionViewCell.swift in Sources */,
				34E7AEE11D911BF4007DA169 /* ViewController.m in Sources */,
				34F8F2641DA8E02C0046F5C3 /* LabeledSliderView.swift in Sources */,
				34DB35301D9A5BDF00F5E6A1 /* SVIndefiniteAnimatedView.m in Sources */,
				34F8F27A1DA8F6C90046F5C3 /* FiltersEnterViewController.swift in Sources */,
				34E7AEDE1D911BF4007DA169 /* AppDelegate.m in Sources */,
				34A4C8701DAB267A00714428 /* DIYImageViewController.m in Sources */,
				34DB35251D9A50DC00F5E6A1 /* ZYBVideoManager.m in Sources */,
				34F8F25F1DA8DFF30046F5C3 /* FilterListViewController.swift in Sources */,
				34F8F2691DA8E03D0046F5C3 /* FilteredImageView.swift in Sources */,
				34DB35221D9A508600F5E6A1 /* ZYBVideoHelper.m in Sources */,
				34F8F2711DA8F5B90046F5C3 /* PhotoFilterViewController.swift in Sources */,
				34DB35341D9A5BDF00F5E6A1 /* SVRadialGradientLayer.m in Sources */,
				34F8F2611DA8E0070046F5C3 /* FilterDetailViewController.swift in Sources */,
				34F8F27D1DA8FA450046F5C3 /* FilterDesWebViewController.swift in Sources */,
				34E7AEDB1D911BF4007DA169 /* main.m in Sources */,
				34DB35331D9A5BDF00F5E6A1 /* SVProgressHUD.m in Sources */,
				34ABBFED1D991ECF00B3CCA6 /* VideoDetailViewController.m in Sources */,
			);
			runOnlyForDeploymentPostprocessing = 0;
		};
		34E7AEEB1D911BF4007DA169 /* Sources */ = {
			isa = PBXSourcesBuildPhase;
			buildActionMask = 2147483647;
			files = (
				34E7AEF41D911BF4007DA169 /* TestCompressTests.m in Sources */,
			);
			runOnlyForDeploymentPostprocessing = 0;
		};
/* End PBXSourcesBuildPhase section */

/* Begin PBXTargetDependency section */
		349F463A1D9232D500065DDF /* PBXTargetDependency */ = {
			isa = PBXTargetDependency;
			target = 349F461F1D9232D400065DDF /* TestALAssetsLibrary */;
			targetProxy = 349F46391D9232D500065DDF /* PBXContainerItemProxy */;
		};
		34E7AEF11D911BF4007DA169 /* PBXTargetDependency */ = {
			isa = PBXTargetDependency;
			target = 34E7AED51D911BF4007DA169 /* TestCompress */;
			targetProxy = 34E7AEF01D911BF4007DA169 /* PBXContainerItemProxy */;
		};
/* End PBXTargetDependency section */

/* Begin PBXVariantGroup section */
		34E7AEE21D911BF4007DA169 /* Main.storyboard */ = {
			isa = PBXVariantGroup;
			children = (
				34E7AEE31D911BF4007DA169 /* Base */,
			);
			name = Main.storyboard;
			sourceTree = "<group>";
		};
		34E7AEE71D911BF4007DA169 /* LaunchScreen.storyboard */ = {
			isa = PBXVariantGroup;
			children = (
				34E7AEE81D911BF4007DA169 /* Base */,
			);
			name = LaunchScreen.storyboard;
			sourceTree = "<group>";
		};
/* End PBXVariantGroup section */

/* Begin XCBuildConfiguration section */
		349F463F1D9232D500065DDF /* Debug */ = {
			isa = XCBuildConfiguration;
			buildSettings = {
				ASSETCATALOG_COMPILER_APPICON_NAME = AppIcon;
				INFOPLIST_FILE = TestALAssetsLibrary/Info.plist;
				LD_RUNPATH_SEARCH_PATHS = "$(inherited) @executable_path/Frameworks";
				PRODUCT_BUNDLE_IDENTIFIER = Shanesun.TestALAssetsLibrary;
				PRODUCT_NAME = "$(TARGET_NAME)";
			};
			name = Debug;
		};
		349F46401D9232D500065DDF /* Release */ = {
			isa = XCBuildConfiguration;
			buildSettings = {
				ASSETCATALOG_COMPILER_APPICON_NAME = AppIcon;
				INFOPLIST_FILE = TestALAssetsLibrary/Info.plist;
				LD_RUNPATH_SEARCH_PATHS = "$(inherited) @executable_path/Frameworks";
				PRODUCT_BUNDLE_IDENTIFIER = Shanesun.TestALAssetsLibrary;
				PRODUCT_NAME = "$(TARGET_NAME)";
			};
			name = Release;
		};
		349F46411D9232D500065DDF /* Debug */ = {
			isa = XCBuildConfiguration;
			buildSettings = {
				BUNDLE_LOADER = "$(TEST_HOST)";
				INFOPLIST_FILE = TestALAssetsLibraryTests/Info.plist;
				LD_RUNPATH_SEARCH_PATHS = "$(inherited) @executable_path/Frameworks @loader_path/Frameworks";
				PRODUCT_BUNDLE_IDENTIFIER = Shanesun.TestALAssetsLibraryTests;
				PRODUCT_NAME = "$(TARGET_NAME)";
				TEST_HOST = "$(BUILT_PRODUCTS_DIR)/TestALAssetsLibrary.app/TestALAssetsLibrary";
			};
			name = Debug;
		};
		349F46421D9232D500065DDF /* Release */ = {
			isa = XCBuildConfiguration;
			buildSettings = {
				BUNDLE_LOADER = "$(TEST_HOST)";
				INFOPLIST_FILE = TestALAssetsLibraryTests/Info.plist;
				LD_RUNPATH_SEARCH_PATHS = "$(inherited) @executable_path/Frameworks @loader_path/Frameworks";
				PRODUCT_BUNDLE_IDENTIFIER = Shanesun.TestALAssetsLibraryTests;
				PRODUCT_NAME = "$(TARGET_NAME)";
				TEST_HOST = "$(BUILT_PRODUCTS_DIR)/TestALAssetsLibrary.app/TestALAssetsLibrary";
			};
			name = Release;
		};
		34E7AEF61D911BF4007DA169 /* Debug */ = {
			isa = XCBuildConfiguration;
			buildSettings = {
				ALWAYS_SEARCH_USER_PATHS = NO;
				CLANG_ANALYZER_NONNULL = YES;
				CLANG_CXX_LANGUAGE_STANDARD = "gnu++0x";
				CLANG_CXX_LIBRARY = "libc++";
				CLANG_ENABLE_MODULES = YES;
				CLANG_ENABLE_OBJC_ARC = YES;
				CLANG_WARN_BOOL_CONVERSION = YES;
				CLANG_WARN_CONSTANT_CONVERSION = YES;
				CLANG_WARN_DIRECT_OBJC_ISA_USAGE = YES_ERROR;
				CLANG_WARN_EMPTY_BODY = YES;
				CLANG_WARN_ENUM_CONVERSION = YES;
				CLANG_WARN_INT_CONVERSION = YES;
				CLANG_WARN_OBJC_ROOT_CLASS = YES_ERROR;
				CLANG_WARN_UNREACHABLE_CODE = YES;
				CLANG_WARN__DUPLICATE_METHOD_MATCH = YES;
				"CODE_SIGN_IDENTITY[sdk=iphoneos*]" = "iPhone Developer";
				COPY_PHASE_STRIP = NO;
				DEBUG_INFORMATION_FORMAT = dwarf;
				ENABLE_STRICT_OBJC_MSGSEND = YES;
				ENABLE_TESTABILITY = YES;
				GCC_C_LANGUAGE_STANDARD = gnu99;
				GCC_DYNAMIC_NO_PIC = NO;
				GCC_NO_COMMON_BLOCKS = YES;
				GCC_OPTIMIZATION_LEVEL = 0;
				GCC_PREPROCESSOR_DEFINITIONS = (
					"DEBUG=1",
					"$(inherited)",
				);
				GCC_WARN_64_TO_32_BIT_CONVERSION = YES;
				GCC_WARN_ABOUT_RETURN_TYPE = YES_ERROR;
				GCC_WARN_UNDECLARED_SELECTOR = YES;
				GCC_WARN_UNINITIALIZED_AUTOS = YES_AGGRESSIVE;
				GCC_WARN_UNUSED_FUNCTION = YES;
				GCC_WARN_UNUSED_VARIABLE = YES;
				IPHONEOS_DEPLOYMENT_TARGET = 9.3;
				MTL_ENABLE_DEBUG_INFO = YES;
				ONLY_ACTIVE_ARCH = YES;
				SDKROOT = iphoneos;
			};
			name = Debug;
		};
		34E7AEF71D911BF4007DA169 /* Release */ = {
			isa = XCBuildConfiguration;
			buildSettings = {
				ALWAYS_SEARCH_USER_PATHS = NO;
				CLANG_ANALYZER_NONNULL = YES;
				CLANG_CXX_LANGUAGE_STANDARD = "gnu++0x";
				CLANG_CXX_LIBRARY = "libc++";
				CLANG_ENABLE_MODULES = YES;
				CLANG_ENABLE_OBJC_ARC = YES;
				CLANG_WARN_BOOL_CONVERSION = YES;
				CLANG_WARN_CONSTANT_CONVERSION = YES;
				CLANG_WARN_DIRECT_OBJC_ISA_USAGE = YES_ERROR;
				CLANG_WARN_EMPTY_BODY = YES;
				CLANG_WARN_ENUM_CONVERSION = YES;
				CLANG_WARN_INT_CONVERSION = YES;
				CLANG_WARN_OBJC_ROOT_CLASS = YES_ERROR;
				CLANG_WARN_UNREACHABLE_CODE = YES;
				CLANG_WARN__DUPLICATE_METHOD_MATCH = YES;
				"CODE_SIGN_IDENTITY[sdk=iphoneos*]" = "iPhone Developer";
				COPY_PHASE_STRIP = NO;
				DEBUG_INFORMATION_FORMAT = "dwarf-with-dsym";
				ENABLE_NS_ASSERTIONS = NO;
				ENABLE_STRICT_OBJC_MSGSEND = YES;
				GCC_C_LANGUAGE_STANDARD = gnu99;
				GCC_NO_COMMON_BLOCKS = YES;
				GCC_WARN_64_TO_32_BIT_CONVERSION = YES;
				GCC_WARN_ABOUT_RETURN_TYPE = YES_ERROR;
				GCC_WARN_UNDECLARED_SELECTOR = YES;
				GCC_WARN_UNINITIALIZED_AUTOS = YES_AGGRESSIVE;
				GCC_WARN_UNUSED_FUNCTION = YES;
				GCC_WARN_UNUSED_VARIABLE = YES;
				IPHONEOS_DEPLOYMENT_TARGET = 9.3;
				MTL_ENABLE_DEBUG_INFO = NO;
				SDKROOT = iphoneos;
				VALIDATE_PRODUCT = YES;
			};
			name = Release;
		};
		34E7AEF91D911BF4007DA169 /* Debug */ = {
			isa = XCBuildConfiguration;
			buildSettings = {
				ASSETCATALOG_COMPILER_APPICON_NAME = AppIcon;
				CLANG_ENABLE_MODULES = YES;
				CODE_SIGN_IDENTITY = "iPhone Developer: shane li (8D3X727J4U)";
				"CODE_SIGN_IDENTITY[sdk=iphoneos*]" = "iPhone Developer";
				DEVELOPMENT_TEAM = FY9VNRD73A;
				INFOPLIST_FILE = TestCompress/Info.plist;
				LD_RUNPATH_SEARCH_PATHS = "$(inherited) @executable_path/Frameworks";
				PRODUCT_BUNDLE_IDENTIFIER = com.anzogame.test;
				PRODUCT_NAME = "$(TARGET_NAME)";
				PROVISIONING_PROFILE = "";
				PROVISIONING_PROFILE_SPECIFIER = "";
				SWIFT_OBJC_BRIDGING_HEADER = "TestCompress/Filter/TestCompress-Bridging-Header.h";
				SWIFT_OPTIMIZATION_LEVEL = "-Onone";
				SWIFT_VERSION = 3.0;
			};
			name = Debug;
		};
		34E7AEFA1D911BF4007DA169 /* Release */ = {
			isa = XCBuildConfiguration;
			buildSettings = {
				ASSETCATALOG_COMPILER_APPICON_NAME = AppIcon;
				CLANG_ENABLE_MODULES = YES;
				CODE_SIGN_IDENTITY = "iPhone Developer: shane li (8D3X727J4U)";
				"CODE_SIGN_IDENTITY[sdk=iphoneos*]" = "iPhone Developer";
				DEVELOPMENT_TEAM = FY9VNRD73A;
				INFOPLIST_FILE = TestCompress/Info.plist;
				LD_RUNPATH_SEARCH_PATHS = "$(inherited) @executable_path/Frameworks";
				PRODUCT_BUNDLE_IDENTIFIER = com.anzogame.test;
				PRODUCT_NAME = "$(TARGET_NAME)";
				PROVISIONING_PROFILE = "";
				PROVISIONING_PROFILE_SPECIFIER = "";
				SWIFT_OBJC_BRIDGING_HEADER = "TestCompress/Filter/TestCompress-Bridging-Header.h";
				SWIFT_VERSION = 3.0;
			};
			name = Release;
		};
		34E7AEFC1D911BF4007DA169 /* Debug */ = {
			isa = XCBuildConfiguration;
			buildSettings = {
				ALWAYS_EMBED_SWIFT_STANDARD_LIBRARIES = YES;
				BUNDLE_LOADER = "$(TEST_HOST)";
				INFOPLIST_FILE = TestCompressTests/Info.plist;
				LD_RUNPATH_SEARCH_PATHS = "$(inherited) @executable_path/Frameworks @loader_path/Frameworks";
				PRODUCT_BUNDLE_IDENTIFIER = Shanesun.TestCompressTests;
				PRODUCT_NAME = "$(TARGET_NAME)";
				TEST_HOST = "$(BUILT_PRODUCTS_DIR)/TestCompress.app/TestCompress";
			};
			name = Debug;
		};
		34E7AEFD1D911BF4007DA169 /* Release */ = {
			isa = XCBuildConfiguration;
			buildSettings = {
				ALWAYS_EMBED_SWIFT_STANDARD_LIBRARIES = YES;
				BUNDLE_LOADER = "$(TEST_HOST)";
				INFOPLIST_FILE = TestCompressTests/Info.plist;
				LD_RUNPATH_SEARCH_PATHS = "$(inherited) @executable_path/Frameworks @loader_path/Frameworks";
				PRODUCT_BUNDLE_IDENTIFIER = Shanesun.TestCompressTests;
				PRODUCT_NAME = "$(TARGET_NAME)";
				TEST_HOST = "$(BUILT_PRODUCTS_DIR)/TestCompress.app/TestCompress";
			};
			name = Release;
		};
/* End XCBuildConfiguration section */

/* Begin XCConfigurationList section */
		349F46431D9232D500065DDF /* Build configuration list for PBXNativeTarget "TestALAssetsLibrary" */ = {
			isa = XCConfigurationList;
			buildConfigurations = (
				349F463F1D9232D500065DDF /* Debug */,
				349F46401D9232D500065DDF /* Release */,
			);
			defaultConfigurationIsVisible = 0;
			defaultConfigurationName = Release;
		};
		349F46441D9232D500065DDF /* Build configuration list for PBXNativeTarget "TestALAssetsLibraryTests" */ = {
			isa = XCConfigurationList;
			buildConfigurations = (
				349F46411D9232D500065DDF /* Debug */,
				349F46421D9232D500065DDF /* Release */,
			);
			defaultConfigurationIsVisible = 0;
			defaultConfigurationName = Release;
		};
		34E7AED11D911BF4007DA169 /* Build configuration list for PBXProject "TestCompress" */ = {
			isa = XCConfigurationList;
			buildConfigurations = (
				34E7AEF61D911BF4007DA169 /* Debug */,
				34E7AEF71D911BF4007DA169 /* Release */,
			);
			defaultConfigurationIsVisible = 0;
			defaultConfigurationName = Release;
		};
		34E7AEF81D911BF4007DA169 /* Build configuration list for PBXNativeTarget "TestCompress" */ = {
			isa = XCConfigurationList;
			buildConfigurations = (
				34E7AEF91D911BF4007DA169 /* Debug */,
				34E7AEFA1D911BF4007DA169 /* Release */,
			);
			defaultConfigurationIsVisible = 0;
			defaultConfigurationName = Release;
		};
		34E7AEFB1D911BF4007DA169 /* Build configuration list for PBXNativeTarget "TestCompressTests" */ = {
			isa = XCConfigurationList;
			buildConfigurations = (
				34E7AEFC1D911BF4007DA169 /* Debug */,
				34E7AEFD1D911BF4007DA169 /* Release */,
			);
			defaultConfigurationIsVisible = 0;
			defaultConfigurationName = Release;
		};
/* End XCConfigurationList section */
	};
	rootObject = 34E7AECE1D911BF4007DA169 /* Project object */;
}
